// !$*UTF8*$!
{
	archiveVersion = 1;
	classes = {
	};
	objectVersion = 46;
	objects = {

/* Begin PBXBuildFile section */
		B305C8551A51E505003564B5 /* CompassUtil.swift in Sources */ = {isa = PBXBuildFile; fileRef = B305C8541A51E505003564B5 /* CompassUtil.swift */; };
		B305C8571A51E558003564B5 /* GPS.swift in Sources */ = {isa = PBXBuildFile; fileRef = B305C8561A51E558003564B5 /* GPS.swift */; };
		B305C8591A51E56C003564B5 /* MKPlacemarkExtesions.swift in Sources */ = {isa = PBXBuildFile; fileRef = B305C8581A51E56C003564B5 /* MKPlacemarkExtesions.swift */; };
		B3083A441A49B7DD00C5D9F1 /* FixedQueue.swift in Sources */ = {isa = PBXBuildFile; fileRef = B3083A431A49B7DD00C5D9F1 /* FixedQueue.swift */; };
		B329AEDF1A1D12AF00FCC3C0 /* CoreGraphics.framework in Frameworks */ = {isa = PBXBuildFile; fileRef = B329AEDE1A1D12AF00FCC3C0 /* CoreGraphics.framework */; };
		B33DB3DA1A1EB3E0000EDA88 /* AVKit.framework in Frameworks */ = {isa = PBXBuildFile; fileRef = B33DB3D91A1EB3E0000EDA88 /* AVKit.framework */; };
		B36689E11DB72D8600BD2BA2 /* PelorusTests.swift in Sources */ = {isa = PBXBuildFile; fileRef = B36689E01DB72D8600BD2BA2 /* PelorusTests.swift */; };
		B3668A041DB7341F00BD2BA2 /* MagicalRecord.framework in Frameworks */ = {isa = PBXBuildFile; fileRef = B36689F51DB7332000BD2BA2 /* MagicalRecord.framework */; };
		B389403C1A12DC5C0022E281 /* CoreLocation.framework in Frameworks */ = {isa = PBXBuildFile; fileRef = B389403B1A12DC5C0022E281 /* CoreLocation.framework */; };
		B3B913BF1A13D685004D1019 /* CoreMotion.framework in Frameworks */ = {isa = PBXBuildFile; fileRef = B3B913BE1A13D685004D1019 /* CoreMotion.framework */; };
		B3D7F7FD1A448AAE006F903F /* AppDelegate.swift in Sources */ = {isa = PBXBuildFile; fileRef = B3D7F7EC1A448AAE006F903F /* AppDelegate.swift */; };
		B3D7F7FF1A448AAE006F903F /* CompassViewController.swift in Sources */ = {isa = PBXBuildFile; fileRef = B3D7F7EF1A448AAE006F903F /* CompassViewController.swift */; };
		B3D7F8001A448AAE006F903F /* Configuration.swift in Sources */ = {isa = PBXBuildFile; fileRef = B3D7F7F01A448AAE006F903F /* Configuration.swift */; };
		B3D7F8011A448AAE006F903F /* DestinationSelectorController.swift in Sources */ = {isa = PBXBuildFile; fileRef = B3D7F7F11A448AAE006F903F /* DestinationSelectorController.swift */; };
		B3D7F8021A448AAE006F903F /* DistanceVector.swift in Sources */ = {isa = PBXBuildFile; fileRef = B3D7F7F21A448AAE006F903F /* DistanceVector.swift */; };
		B3D7F8031A448AAE006F903F /* Images.xcassets in Resources */ = {isa = PBXBuildFile; fileRef = B3D7F7F31A448AAE006F903F /* Images.xcassets */; };
		B3D7F8051A448AAE006F903F /* Pelorus.xcdatamodeld in Sources */ = {isa = PBXBuildFile; fileRef = B3D7F7F51A448AAE006F903F /* Pelorus.xcdatamodeld */; };
		B3D7F8061A448AAE006F903F /* PelorusNav.swift in Sources */ = {isa = PBXBuildFile; fileRef = B3D7F7F71A448AAE006F903F /* PelorusNav.swift */; };
		B3D7F8071A448AAE006F903F /* CameraViewController.swift in Sources */ = {isa = PBXBuildFile; fileRef = B3D7F7F81A448AAE006F903F /* CameraViewController.swift */; };
		B3D7F8081A448AAE006F903F /* SettingsViewController.swift in Sources */ = {isa = PBXBuildFile; fileRef = B3D7F7F91A448AAE006F903F /* SettingsViewController.swift */; };
		B3D7F8091A448AAE006F903F /* Themes.swift in Sources */ = {isa = PBXBuildFile; fileRef = B3D7F7FA1A448AAE006F903F /* Themes.swift */; };
		B3D7F80A1A448AAE006F903F /* ThemedViewController.swift in Sources */ = {isa = PBXBuildFile; fileRef = B3D7F7FB1A448AAE006F903F /* ThemedViewController.swift */; };
		B3D7F80B1A448AAE006F903F /* UserPreferences.swift in Sources */ = {isa = PBXBuildFile; fileRef = B3D7F7FC1A448AAE006F903F /* UserPreferences.swift */; };
		B3D7F8171A448DD7006F903F /* Main.storyboard in Resources */ = {isa = PBXBuildFile; fileRef = B3D7F7ED1A448AAE006F903F /* Main.storyboard */; };
		B3E018F71A5C547000A16553 /* GraphicsView.swift in Sources */ = {isa = PBXBuildFile; fileRef = B3E018F61A5C547000A16553 /* GraphicsView.swift */; };
		B3E018F91A5C5AB300A16553 /* CompassView.swift in Sources */ = {isa = PBXBuildFile; fileRef = B3E018F81A5C5AB300A16553 /* CompassView.swift */; };
		B3F7D5781A5C768B004782F9 /* Launch Screen.xib in Resources */ = {isa = PBXBuildFile; fileRef = B3F7D5771A5C768B004782F9 /* Launch Screen.xib */; };
		B3F7D57B1A5C90E6004782F9 /* CurrentDestinationDataManager.swift in Sources */ = {isa = PBXBuildFile; fileRef = B3F7D57A1A5C90E6004782F9 /* CurrentDestinationDataManager.swift */; };
		B3F7D57D1A5C95B7004782F9 /* RecentDestinationsDataManager.swift in Sources */ = {isa = PBXBuildFile; fileRef = B3F7D57C1A5C95B7004782F9 /* RecentDestinationsDataManager.swift */; };
/* End PBXBuildFile section */

/* Begin PBXContainerItemProxy section */
		B36689E31DB72D8600BD2BA2 /* PBXContainerItemProxy */ = {
			isa = PBXContainerItemProxy;
			containerPortal = B389400E1A12DC4B0022E281 /* Project object */;
			proxyType = 1;
			remoteGlobalIDString = B38940151A12DC4B0022E281;
			remoteInfo = Pelorus;
		};
		B36689F41DB7332000BD2BA2 /* PBXContainerItemProxy */ = {
			isa = PBXContainerItemProxy;
			containerPortal = B36689E81DB7332000BD2BA2 /* MagicalRecord.xcodeproj */;
			proxyType = 2;
			remoteGlobalIDString = 905D07181A63DE190076B54E;
			remoteInfo = "MagicalRecord for iOS";
		};
		B36689F61DB7332000BD2BA2 /* PBXContainerItemProxy */ = {
			isa = PBXContainerItemProxy;
			containerPortal = B36689E81DB7332000BD2BA2 /* MagicalRecord.xcodeproj */;
			proxyType = 2;
			remoteGlobalIDString = 9004F5211A94CBCF00A61312;
			remoteInfo = "MagicalRecord for iOS Tests";
		};
		B36689F81DB7332000BD2BA2 /* PBXContainerItemProxy */ = {
			isa = PBXContainerItemProxy;
			containerPortal = B36689E81DB7332000BD2BA2 /* MagicalRecord.xcodeproj */;
			proxyType = 2;
			remoteGlobalIDString = 905D073B1A63DE690076B54E;
			remoteInfo = "MagicalRecord for OS X";
		};
		B36689FA1DB7332000BD2BA2 /* PBXContainerItemProxy */ = {
			isa = PBXContainerItemProxy;
			containerPortal = B36689E81DB7332000BD2BA2 /* MagicalRecord.xcodeproj */;
			proxyType = 2;
			remoteGlobalIDString = 9004F5661A94CBF900A61312;
			remoteInfo = "MagicalRecord for OS X Tests";
		};
		B36689FC1DB7332000BD2BA2 /* PBXContainerItemProxy */ = {
			isa = PBXContainerItemProxy;
			containerPortal = B36689E81DB7332000BD2BA2 /* MagicalRecord.xcodeproj */;
			proxyType = 2;
			remoteGlobalIDString = C7CF97AB17498414008D9D13;
			remoteInfo = "libMagicalRecord for iOS";
		};
		B36689FE1DB7332000BD2BA2 /* PBXContainerItemProxy */ = {
			isa = PBXContainerItemProxy;
			containerPortal = B36689E81DB7332000BD2BA2 /* MagicalRecord.xcodeproj */;
			proxyType = 2;
			remoteGlobalIDString = C7CF97FF174984CA008D9D13;
			remoteInfo = "libMagicalRecord for iOS Tests";
		};
		B3668A001DB7332000BD2BA2 /* PBXContainerItemProxy */ = {
			isa = PBXContainerItemProxy;
			containerPortal = B36689E81DB7332000BD2BA2 /* MagicalRecord.xcodeproj */;
			proxyType = 2;
			remoteGlobalIDString = C7CF97BB1749843F008D9D13;
			remoteInfo = "libMagicalRecord for OS X";
		};
		B3668A021DB7332000BD2BA2 /* PBXContainerItemProxy */ = {
			isa = PBXContainerItemProxy;
			containerPortal = B36689E81DB7332000BD2BA2 /* MagicalRecord.xcodeproj */;
			proxyType = 2;
			remoteGlobalIDString = C7CF9816174984E4008D9D13;
			remoteInfo = "libMagicalRecord for OS X Tests";
		};
/* End PBXContainerItemProxy section */

/* Begin PBXFileReference section */
		B305C8541A51E505003564B5 /* CompassUtil.swift */ = {isa = PBXFileReference; fileEncoding = 4; lastKnownFileType = sourcecode.swift; path = CompassUtil.swift; sourceTree = "<group>"; };
		B305C8561A51E558003564B5 /* GPS.swift */ = {isa = PBXFileReference; fileEncoding = 4; lastKnownFileType = sourcecode.swift; path = GPS.swift; sourceTree = "<group>"; };
		B305C8581A51E56C003564B5 /* MKPlacemarkExtesions.swift */ = {isa = PBXFileReference; fileEncoding = 4; lastKnownFileType = sourcecode.swift; path = MKPlacemarkExtesions.swift; sourceTree = "<group>"; };
		B3083A431A49B7DD00C5D9F1 /* FixedQueue.swift */ = {isa = PBXFileReference; fileEncoding = 4; lastKnownFileType = sourcecode.swift; path = FixedQueue.swift; sourceTree = "<group>"; };
		B329AEDE1A1D12AF00FCC3C0 /* CoreGraphics.framework */ = {isa = PBXFileReference; lastKnownFileType = wrapper.framework; name = CoreGraphics.framework; path = System/Library/Frameworks/CoreGraphics.framework; sourceTree = SDKROOT; };
		B33DB3D91A1EB3E0000EDA88 /* AVKit.framework */ = {isa = PBXFileReference; lastKnownFileType = wrapper.framework; name = AVKit.framework; path = System/Library/Frameworks/AVKit.framework; sourceTree = SDKROOT; };
		B36689DE1DB72D8600BD2BA2 /* PelorusTests.xctest */ = {isa = PBXFileReference; explicitFileType = wrapper.cfbundle; includeInIndex = 0; path = PelorusTests.xctest; sourceTree = BUILT_PRODUCTS_DIR; };
		B36689E01DB72D8600BD2BA2 /* PelorusTests.swift */ = {isa = PBXFileReference; lastKnownFileType = sourcecode.swift; path = PelorusTests.swift; sourceTree = "<group>"; };
		B36689E21DB72D8600BD2BA2 /* Info.plist */ = {isa = PBXFileReference; lastKnownFileType = text.plist.xml; path = Info.plist; sourceTree = "<group>"; };
		B36689E81DB7332000BD2BA2 /* MagicalRecord.xcodeproj */ = {isa = PBXFileReference; lastKnownFileType = "wrapper.pb-project"; name = MagicalRecord.xcodeproj; path = Vendor/MagicalRecord/MagicalRecord.xcodeproj; sourceTree = "<group>"; };
		B38940161A12DC4B0022E281 /* Pelorus.app */ = {isa = PBXFileReference; explicitFileType = wrapper.application; includeInIndex = 0; path = Pelorus.app; sourceTree = BUILT_PRODUCTS_DIR; };
		B389403B1A12DC5C0022E281 /* CoreLocation.framework */ = {isa = PBXFileReference; lastKnownFileType = wrapper.framework; name = CoreLocation.framework; path = System/Library/Frameworks/CoreLocation.framework; sourceTree = SDKROOT; };
		B3B913BE1A13D685004D1019 /* CoreMotion.framework */ = {isa = PBXFileReference; lastKnownFileType = wrapper.framework; name = CoreMotion.framework; path = System/Library/Frameworks/CoreMotion.framework; sourceTree = SDKROOT; };
		B3D7F7EC1A448AAE006F903F /* AppDelegate.swift */ = {isa = PBXFileReference; fileEncoding = 4; lastKnownFileType = sourcecode.swift; path = AppDelegate.swift; sourceTree = "<group>"; };
		B3D7F7EE1A448AAE006F903F /* Base */ = {isa = PBXFileReference; lastKnownFileType = file.storyboard; name = Base; path = Base.lproj/Main.storyboard; sourceTree = "<group>"; };
		B3D7F7EF1A448AAE006F903F /* CompassViewController.swift */ = {isa = PBXFileReference; fileEncoding = 4; lastKnownFileType = sourcecode.swift; path = CompassViewController.swift; sourceTree = "<group>"; };
		B3D7F7F01A448AAE006F903F /* Configuration.swift */ = {isa = PBXFileReference; fileEncoding = 4; lastKnownFileType = sourcecode.swift; path = Configuration.swift; sourceTree = "<group>"; };
		B3D7F7F11A448AAE006F903F /* DestinationSelectorController.swift */ = {isa = PBXFileReference; fileEncoding = 4; lastKnownFileType = sourcecode.swift; path = DestinationSelectorController.swift; sourceTree = "<group>"; };
		B3D7F7F21A448AAE006F903F /* DistanceVector.swift */ = {isa = PBXFileReference; fileEncoding = 4; lastKnownFileType = sourcecode.swift; path = DistanceVector.swift; sourceTree = "<group>"; };
		B3D7F7F31A448AAE006F903F /* Images.xcassets */ = {isa = PBXFileReference; lastKnownFileType = folder.assetcatalog; path = Images.xcassets; sourceTree = "<group>"; };
		B3D7F7F41A448AAE006F903F /* Info.plist */ = {isa = PBXFileReference; fileEncoding = 4; lastKnownFileType = text.plist.xml; path = Info.plist; sourceTree = "<group>"; };
		B3D7F7F61A448AAE006F903F /* Pelorus.xcdatamodel */ = {isa = PBXFileReference; lastKnownFileType = wrapper.xcdatamodel; path = Pelorus.xcdatamodel; sourceTree = "<group>"; };
		B3D7F7F71A448AAE006F903F /* PelorusNav.swift */ = {isa = PBXFileReference; fileEncoding = 4; lastKnownFileType = sourcecode.swift; path = PelorusNav.swift; sourceTree = "<group>"; };
		B3D7F7F81A448AAE006F903F /* CameraViewController.swift */ = {isa = PBXFileReference; fileEncoding = 4; lastKnownFileType = sourcecode.swift; path = CameraViewController.swift; sourceTree = "<group>"; };
		B3D7F7F91A448AAE006F903F /* SettingsViewController.swift */ = {isa = PBXFileReference; fileEncoding = 4; lastKnownFileType = sourcecode.swift; path = SettingsViewController.swift; sourceTree = "<group>"; };
		B3D7F7FA1A448AAE006F903F /* Themes.swift */ = {isa = PBXFileReference; fileEncoding = 4; lastKnownFileType = sourcecode.swift; path = Themes.swift; sourceTree = "<group>"; };
		B3D7F7FB1A448AAE006F903F /* ThemedViewController.swift */ = {isa = PBXFileReference; fileEncoding = 4; lastKnownFileType = sourcecode.swift; path = ThemedViewController.swift; sourceTree = "<group>"; };
		B3D7F7FC1A448AAE006F903F /* UserPreferences.swift */ = {isa = PBXFileReference; fileEncoding = 4; lastKnownFileType = sourcecode.swift; path = UserPreferences.swift; sourceTree = "<group>"; };
		B3E018F61A5C547000A16553 /* GraphicsView.swift */ = {isa = PBXFileReference; fileEncoding = 4; lastKnownFileType = sourcecode.swift; path = GraphicsView.swift; sourceTree = "<group>"; };
		B3E018F81A5C5AB300A16553 /* CompassView.swift */ = {isa = PBXFileReference; fileEncoding = 4; lastKnownFileType = sourcecode.swift; path = CompassView.swift; sourceTree = "<group>"; };
		B3F7D5771A5C768B004782F9 /* Launch Screen.xib */ = {isa = PBXFileReference; fileEncoding = 4; lastKnownFileType = file.xib; name = "Launch Screen.xib"; path = "../Launch Screen.xib"; sourceTree = "<group>"; };
		B3F7D57A1A5C90E6004782F9 /* CurrentDestinationDataManager.swift */ = {isa = PBXFileReference; fileEncoding = 4; lastKnownFileType = sourcecode.swift; path = CurrentDestinationDataManager.swift; sourceTree = "<group>"; };
		B3F7D57C1A5C95B7004782F9 /* RecentDestinationsDataManager.swift */ = {isa = PBXFileReference; fileEncoding = 4; lastKnownFileType = sourcecode.swift; path = RecentDestinationsDataManager.swift; sourceTree = "<group>"; };
/* End PBXFileReference section */

/* Begin PBXFrameworksBuildPhase section */
		B36689DB1DB72D8600BD2BA2 /* Frameworks */ = {
			isa = PBXFrameworksBuildPhase;
			buildActionMask = 2147483647;
			files = (
			);
			runOnlyForDeploymentPostprocessing = 0;
		};
		B38940131A12DC4B0022E281 /* Frameworks */ = {
			isa = PBXFrameworksBuildPhase;
			buildActionMask = 2147483647;
			files = (
				B3668A041DB7341F00BD2BA2 /* MagicalRecord.framework in Frameworks */,
				B33DB3DA1A1EB3E0000EDA88 /* AVKit.framework in Frameworks */,
				B329AEDF1A1D12AF00FCC3C0 /* CoreGraphics.framework in Frameworks */,
				B3B913BF1A13D685004D1019 /* CoreMotion.framework in Frameworks */,
				B389403C1A12DC5C0022E281 /* CoreLocation.framework in Frameworks */,
			);
			runOnlyForDeploymentPostprocessing = 0;
		};
/* End PBXFrameworksBuildPhase section */

/* Begin PBXGroup section */
		B36689DF1DB72D8600BD2BA2 /* PelorusTests */ = {
			isa = PBXGroup;
			children = (
				B36689E01DB72D8600BD2BA2 /* PelorusTests.swift */,
				B36689E21DB72D8600BD2BA2 /* Info.plist */,
			);
			path = PelorusTests;
			sourceTree = "<group>";
		};
		B36689E91DB7332000BD2BA2 /* Products */ = {
			isa = PBXGroup;
			children = (
				B36689F51DB7332000BD2BA2 /* MagicalRecord.framework */,
				B36689F71DB7332000BD2BA2 /* MagicalRecord for iOS Tests.xctest */,
				B36689F91DB7332000BD2BA2 /* MagicalRecord.framework */,
				B36689FB1DB7332000BD2BA2 /* MagicalRecord for OS X Tests.xctest */,
				B36689FD1DB7332000BD2BA2 /* libMagicalRecord.a */,
				B36689FF1DB7332000BD2BA2 /* libMagicalRecord for iOS Tests.xctest */,
				B3668A011DB7332000BD2BA2 /* libMagicalRecord.dylib */,
				B3668A031DB7332000BD2BA2 /* libMagicalRecord for OS X Tests.xctest */,
			);
			name = Products;
			sourceTree = "<group>";
		};
		B389400D1A12DC4B0022E281 = {
			isa = PBXGroup;
			children = (
				B33DB3D91A1EB3E0000EDA88 /* AVKit.framework */,
				B329AEDE1A1D12AF00FCC3C0 /* CoreGraphics.framework */,
				B3B913BE1A13D685004D1019 /* CoreMotion.framework */,
				B389403B1A12DC5C0022E281 /* CoreLocation.framework */,
				B3D7F7EB1A448AAE006F903F /* Pelorus */,
				B36689DF1DB72D8600BD2BA2 /* PelorusTests */,
				B38940171A12DC4B0022E281 /* Products */,
				B36689E81DB7332000BD2BA2 /* MagicalRecord.xcodeproj */,
			);
			sourceTree = "<group>";
		};
		B38940171A12DC4B0022E281 /* Products */ = {
			isa = PBXGroup;
			children = (
				B38940161A12DC4B0022E281 /* Pelorus.app */,
				B36689DE1DB72D8600BD2BA2 /* PelorusTests.xctest */,
			);
			name = Products;
			sourceTree = "<group>";
		};
		B3D7F7EB1A448AAE006F903F /* Pelorus */ = {
			isa = PBXGroup;
			children = (
				B3D7F8111A448ABC006F903F /* Core */,
				B3D7F7EC1A448AAE006F903F /* AppDelegate.swift */,
				B3D7F7F81A448AAE006F903F /* CameraViewController.swift */,
				B3D7F7EF1A448AAE006F903F /* CompassViewController.swift */,
				B3D7F7F11A448AAE006F903F /* DestinationSelectorController.swift */,
				B3D7F7F91A448AAE006F903F /* SettingsViewController.swift */,
				B3D7F7ED1A448AAE006F903F /* Main.storyboard */,
				B3F7D5771A5C768B004782F9 /* Launch Screen.xib */,
				B3D7F7F51A448AAE006F903F /* Pelorus.xcdatamodeld */,
				B3D7F7F31A448AAE006F903F /* Images.xcassets */,
				B3D7F7F41A448AAE006F903F /* Info.plist */,
			);
			path = Pelorus;
			sourceTree = "<group>";
		};
		B3D7F8111A448ABC006F903F /* Core */ = {
			isa = PBXGroup;
			children = (
				B3F7D5791A5C90CF004782F9 /* Data */,
				B3E018F51A5C543D00A16553 /* Base */,
				B3E018F41A5C543200A16553 /* Collections */,
				B3E018F31A5C542200A16553 /* Configuration */,
				B3E018F21A5C540A00A16553 /* Models */,
				B305C8581A51E56C003564B5 /* MKPlacemarkExtesions.swift */,
				B305C8541A51E505003564B5 /* CompassUtil.swift */,
				B3D7F7F71A448AAE006F903F /* PelorusNav.swift */,
				B3E018F81A5C5AB300A16553 /* CompassView.swift */,
			);
			name = Core;
			sourceTree = "<group>";
		};
		B3E018F21A5C540A00A16553 /* Models */ = {
			isa = PBXGroup;
			children = (
				B3D7F7F21A448AAE006F903F /* DistanceVector.swift */,
				B305C8561A51E558003564B5 /* GPS.swift */,
			);
			name = Models;
			sourceTree = "<group>";
		};
		B3E018F31A5C542200A16553 /* Configuration */ = {
			isa = PBXGroup;
			children = (
				B3D7F7F01A448AAE006F903F /* Configuration.swift */,
				B3D7F7FA1A448AAE006F903F /* Themes.swift */,
				B3D7F7FC1A448AAE006F903F /* UserPreferences.swift */,
			);
			name = Configuration;
			sourceTree = "<group>";
		};
		B3E018F41A5C543200A16553 /* Collections */ = {
			isa = PBXGroup;
			children = (
				B3083A431A49B7DD00C5D9F1 /* FixedQueue.swift */,
			);
			name = Collections;
			sourceTree = "<group>";
		};
		B3E018F51A5C543D00A16553 /* Base */ = {
			isa = PBXGroup;
			children = (
				B3D7F7FB1A448AAE006F903F /* ThemedViewController.swift */,
				B3E018F61A5C547000A16553 /* GraphicsView.swift */,
			);
			name = Base;
			sourceTree = "<group>";
		};
		B3F7D5791A5C90CF004782F9 /* Data */ = {
			isa = PBXGroup;
			children = (
				B3F7D57A1A5C90E6004782F9 /* CurrentDestinationDataManager.swift */,
				B3F7D57C1A5C95B7004782F9 /* RecentDestinationsDataManager.swift */,
			);
			name = Data;
			sourceTree = "<group>";
		};
/* End PBXGroup section */

/* Begin PBXNativeTarget section */
		B36689DD1DB72D8600BD2BA2 /* PelorusTests */ = {
			isa = PBXNativeTarget;
			buildConfigurationList = B36689E71DB72D8600BD2BA2 /* Build configuration list for PBXNativeTarget "PelorusTests" */;
			buildPhases = (
				B36689DA1DB72D8600BD2BA2 /* Sources */,
				B36689DB1DB72D8600BD2BA2 /* Frameworks */,
				B36689DC1DB72D8600BD2BA2 /* Resources */,
			);
			buildRules = (
			);
			dependencies = (
				B36689E41DB72D8600BD2BA2 /* PBXTargetDependency */,
			);
			name = PelorusTests;
			productName = PelorusTests;
			productReference = B36689DE1DB72D8600BD2BA2 /* PelorusTests.xctest */;
			productType = "com.apple.product-type.bundle.unit-test";
		};
		B38940151A12DC4B0022E281 /* Pelorus */ = {
			isa = PBXNativeTarget;
			buildConfigurationList = B38940351A12DC4C0022E281 /* Build configuration list for PBXNativeTarget "Pelorus" */;
			buildPhases = (
				B38940121A12DC4B0022E281 /* Sources */,
				B38940131A12DC4B0022E281 /* Frameworks */,
				B38940141A12DC4B0022E281 /* Resources */,
			);
			buildRules = (
			);
			dependencies = (
			);
			name = Pelorus;
			productName = Goggles;
			productReference = B38940161A12DC4B0022E281 /* Pelorus.app */;
			productType = "com.apple.product-type.application";
		};
/* End PBXNativeTarget section */

/* Begin PBXProject section */
		B389400E1A12DC4B0022E281 /* Project object */ = {
			isa = PBXProject;
			attributes = {
				LastSwiftUpdateCheck = 0800;
				LastUpgradeCheck = 0800;
				ORGANIZATIONNAME = "Will Charczuk";
				TargetAttributes = {
					B36689DD1DB72D8600BD2BA2 = {
						CreatedOnToolsVersion = 8.0;
						ProvisioningStyle = Automatic;
						TestTargetID = B38940151A12DC4B0022E281;
					};
					B38940151A12DC4B0022E281 = {
						CreatedOnToolsVersion = 6.1;
						DevelopmentTeam = 9Q2FWBTLSX;
						LastSwiftMigration = 0800;
					};
				};
			};
			buildConfigurationList = B38940111A12DC4B0022E281 /* Build configuration list for PBXProject "Pelorus" */;
			compatibilityVersion = "Xcode 3.2";
			developmentRegion = English;
			hasScannedForEncodings = 0;
			knownRegions = (
				en,
				Base,
			);
			mainGroup = B389400D1A12DC4B0022E281;
			productRefGroup = B38940171A12DC4B0022E281 /* Products */;
			projectDirPath = "";
			projectReferences = (
				{
					ProductGroup = B36689E91DB7332000BD2BA2 /* Products */;
					ProjectRef = B36689E81DB7332000BD2BA2 /* MagicalRecord.xcodeproj */;
				},
			);
			projectRoot = "";
			targets = (
				B38940151A12DC4B0022E281 /* Pelorus */,
				B36689DD1DB72D8600BD2BA2 /* PelorusTests */,
			);
		};
/* End PBXProject section */

/* Begin PBXReferenceProxy section */
		B36689F51DB7332000BD2BA2 /* MagicalRecord.framework */ = {
			isa = PBXReferenceProxy;
			fileType = wrapper.framework;
			path = MagicalRecord.framework;
			remoteRef = B36689F41DB7332000BD2BA2 /* PBXContainerItemProxy */;
			sourceTree = BUILT_PRODUCTS_DIR;
		};
		B36689F71DB7332000BD2BA2 /* MagicalRecord for iOS Tests.xctest */ = {
			isa = PBXReferenceProxy;
			fileType = wrapper.cfbundle;
			path = "MagicalRecord for iOS Tests.xctest";
			remoteRef = B36689F61DB7332000BD2BA2 /* PBXContainerItemProxy */;
			sourceTree = BUILT_PRODUCTS_DIR;
		};
		B36689F91DB7332000BD2BA2 /* MagicalRecord.framework */ = {
			isa = PBXReferenceProxy;
			fileType = wrapper.framework;
			path = MagicalRecord.framework;
			remoteRef = B36689F81DB7332000BD2BA2 /* PBXContainerItemProxy */;
			sourceTree = BUILT_PRODUCTS_DIR;
		};
		B36689FB1DB7332000BD2BA2 /* MagicalRecord for OS X Tests.xctest */ = {
			isa = PBXReferenceProxy;
			fileType = wrapper.cfbundle;
			path = "MagicalRecord for OS X Tests.xctest";
			remoteRef = B36689FA1DB7332000BD2BA2 /* PBXContainerItemProxy */;
			sourceTree = BUILT_PRODUCTS_DIR;
		};
		B36689FD1DB7332000BD2BA2 /* libMagicalRecord.a */ = {
			isa = PBXReferenceProxy;
			fileType = archive.ar;
			path = libMagicalRecord.a;
			remoteRef = B36689FC1DB7332000BD2BA2 /* PBXContainerItemProxy */;
			sourceTree = BUILT_PRODUCTS_DIR;
		};
		B36689FF1DB7332000BD2BA2 /* libMagicalRecord for iOS Tests.xctest */ = {
			isa = PBXReferenceProxy;
			fileType = wrapper.cfbundle;
			path = "libMagicalRecord for iOS Tests.xctest";
			remoteRef = B36689FE1DB7332000BD2BA2 /* PBXContainerItemProxy */;
			sourceTree = BUILT_PRODUCTS_DIR;
		};
		B3668A011DB7332000BD2BA2 /* libMagicalRecord.dylib */ = {
			isa = PBXReferenceProxy;
			fileType = "compiled.mach-o.dylib";
			path = libMagicalRecord.dylib;
			remoteRef = B3668A001DB7332000BD2BA2 /* PBXContainerItemProxy */;
			sourceTree = BUILT_PRODUCTS_DIR;
		};
		B3668A031DB7332000BD2BA2 /* libMagicalRecord for OS X Tests.xctest */ = {
			isa = PBXReferenceProxy;
			fileType = wrapper.cfbundle;
			path = "libMagicalRecord for OS X Tests.xctest";
			remoteRef = B3668A021DB7332000BD2BA2 /* PBXContainerItemProxy */;
			sourceTree = BUILT_PRODUCTS_DIR;
		};
/* End PBXReferenceProxy section */

/* Begin PBXResourcesBuildPhase section */
		B36689DC1DB72D8600BD2BA2 /* Resources */ = {
			isa = PBXResourcesBuildPhase;
			buildActionMask = 2147483647;
			files = (
			);
			runOnlyForDeploymentPostprocessing = 0;
		};
		B38940141A12DC4B0022E281 /* Resources */ = {
			isa = PBXResourcesBuildPhase;
			buildActionMask = 2147483647;
			files = (
				B3D7F8031A448AAE006F903F /* Images.xcassets in Resources */,
				B3D7F8171A448DD7006F903F /* Main.storyboard in Resources */,
				B3F7D5781A5C768B004782F9 /* Launch Screen.xib in Resources */,
			);
			runOnlyForDeploymentPostprocessing = 0;
		};
/* End PBXResourcesBuildPhase section */

/* Begin PBXSourcesBuildPhase section */
		B36689DA1DB72D8600BD2BA2 /* Sources */ = {
			isa = PBXSourcesBuildPhase;
			buildActionMask = 2147483647;
			files = (
				B36689E11DB72D8600BD2BA2 /* PelorusTests.swift in Sources */,
			);
			runOnlyForDeploymentPostprocessing = 0;
		};
		B38940121A12DC4B0022E281 /* Sources */ = {
			isa = PBXSourcesBuildPhase;
			buildActionMask = 2147483647;
			files = (
				B305C8551A51E505003564B5 /* CompassUtil.swift in Sources */,
				B3D7F8001A448AAE006F903F /* Configuration.swift in Sources */,
				B3D7F80B1A448AAE006F903F /* UserPreferences.swift in Sources */,
				B3D7F8011A448AAE006F903F /* DestinationSelectorController.swift in Sources */,
				B3F7D57B1A5C90E6004782F9 /* CurrentDestinationDataManager.swift in Sources */,
				B3D7F8051A448AAE006F903F /* Pelorus.xcdatamodeld in Sources */,
				B3083A441A49B7DD00C5D9F1 /* FixedQueue.swift in Sources */,
				B305C8591A51E56C003564B5 /* MKPlacemarkExtesions.swift in Sources */,
				B3D7F8091A448AAE006F903F /* Themes.swift in Sources */,
				B3D7F7FD1A448AAE006F903F /* AppDelegate.swift in Sources */,
				B3D7F80A1A448AAE006F903F /* ThemedViewController.swift in Sources */,
				B3D7F8021A448AAE006F903F /* DistanceVector.swift in Sources */,
				B3E018F71A5C547000A16553 /* GraphicsView.swift in Sources */,
				B3D7F7FF1A448AAE006F903F /* CompassViewController.swift in Sources */,
				B3D7F8061A448AAE006F903F /* PelorusNav.swift in Sources */,
				B3D7F8071A448AAE006F903F /* CameraViewController.swift in Sources */,
				B3E018F91A5C5AB300A16553 /* CompassView.swift in Sources */,
				B3F7D57D1A5C95B7004782F9 /* RecentDestinationsDataManager.swift in Sources */,
				B3D7F8081A448AAE006F903F /* SettingsViewController.swift in Sources */,
				B305C8571A51E558003564B5 /* GPS.swift in Sources */,
			);
			runOnlyForDeploymentPostprocessing = 0;
		};
/* End PBXSourcesBuildPhase section */

/* Begin PBXTargetDependency section */
		B36689E41DB72D8600BD2BA2 /* PBXTargetDependency */ = {
			isa = PBXTargetDependency;
			target = B38940151A12DC4B0022E281 /* Pelorus */;
			targetProxy = B36689E31DB72D8600BD2BA2 /* PBXContainerItemProxy */;
		};
/* End PBXTargetDependency section */

/* Begin PBXVariantGroup section */
		B3D7F7ED1A448AAE006F903F /* Main.storyboard */ = {
			isa = PBXVariantGroup;
			children = (
				B3D7F7EE1A448AAE006F903F /* Base */,
			);
			name = Main.storyboard;
			sourceTree = "<group>";
		};
/* End PBXVariantGroup section */

/* Begin XCBuildConfiguration section */
		B36689E51DB72D8600BD2BA2 /* Debug */ = {
			isa = XCBuildConfiguration;
			buildSettings = {
				BUNDLE_LOADER = "$(TEST_HOST)";
				CLANG_ANALYZER_NONNULL = YES;
				CLANG_WARN_DOCUMENTATION_COMMENTS = YES;
				CLANG_WARN_SUSPICIOUS_MOVES = YES;
				DEBUG_INFORMATION_FORMAT = dwarf;
				INFOPLIST_FILE = PelorusTests/Info.plist;
				IPHONEOS_DEPLOYMENT_TARGET = 10.0;
				LD_RUNPATH_SEARCH_PATHS = "$(inherited) @executable_path/Frameworks @loader_path/Frameworks";
				PRODUCT_BUNDLE_IDENTIFIER = com.charczuk.PelorusTests;
				PRODUCT_NAME = "$(TARGET_NAME)";
				SWIFT_ACTIVE_COMPILATION_CONDITIONS = DEBUG;
				SWIFT_VERSION = 3.0;
				TEST_HOST = "$(BUILT_PRODUCTS_DIR)/Pelorus.app/Pelorus";
			};
			name = Debug;
		};
		B36689E61DB72D8600BD2BA2 /* Release */ = {
			isa = XCBuildConfiguration;
			buildSettings = {
				BUNDLE_LOADER = "$(TEST_HOST)";
				CLANG_ANALYZER_NONNULL = YES;
				CLANG_WARN_DOCUMENTATION_COMMENTS = YES;
				CLANG_WARN_SUSPICIOUS_MOVES = YES;
				COPY_PHASE_STRIP = NO;
				DEBUG_INFORMATION_FORMAT = "dwarf-with-dsym";
				INFOPLIST_FILE = PelorusTests/Info.plist;
				IPHONEOS_DEPLOYMENT_TARGET = 10.0;
				LD_RUNPATH_SEARCH_PATHS = "$(inherited) @executable_path/Frameworks @loader_path/Frameworks";
				PRODUCT_BUNDLE_IDENTIFIER = com.charczuk.PelorusTests;
				PRODUCT_NAME = "$(TARGET_NAME)";
				SWIFT_VERSION = 3.0;
				TEST_HOST = "$(BUILT_PRODUCTS_DIR)/Pelorus.app/Pelorus";
			};
			name = Release;
		};
		B38940331A12DC4C0022E281 /* Debug */ = {
			isa = XCBuildConfiguration;
			buildSettings = {
				ALWAYS_SEARCH_USER_PATHS = NO;
				CLANG_CXX_LANGUAGE_STANDARD = "gnu++0x";
				CLANG_CXX_LIBRARY = "libc++";
				CLANG_ENABLE_MODULES = YES;
				CLANG_ENABLE_OBJC_ARC = YES;
				CLANG_WARN_BOOL_CONVERSION = YES;
				CLANG_WARN_CONSTANT_CONVERSION = YES;
				CLANG_WARN_DIRECT_OBJC_ISA_USAGE = YES_ERROR;
				CLANG_WARN_EMPTY_BODY = YES;
				CLANG_WARN_ENUM_CONVERSION = YES;
				CLANG_WARN_INFINITE_RECURSION = YES;
				CLANG_WARN_INT_CONVERSION = YES;
				CLANG_WARN_OBJC_ROOT_CLASS = YES_ERROR;
				CLANG_WARN_SUSPICIOUS_MOVE = YES;
				CLANG_WARN_UNREACHABLE_CODE = YES;
				CLANG_WARN__DUPLICATE_METHOD_MATCH = YES;
				"CODE_SIGN_IDENTITY[sdk=iphoneos*]" = "iPhone Developer";
				COPY_PHASE_STRIP = NO;
				ENABLE_STRICT_OBJC_MSGSEND = YES;
				ENABLE_TESTABILITY = YES;
				GCC_C_LANGUAGE_STANDARD = gnu99;
				GCC_DYNAMIC_NO_PIC = NO;
				GCC_NO_COMMON_BLOCKS = YES;
				GCC_OPTIMIZATION_LEVEL = 0;
				GCC_PREPROCESSOR_DEFINITIONS = (
					"DEBUG=1",
					"$(inherited)",
				);
				GCC_SYMBOLS_PRIVATE_EXTERN = NO;
				GCC_WARN_64_TO_32_BIT_CONVERSION = YES;
				GCC_WARN_ABOUT_RETURN_TYPE = YES_ERROR;
				GCC_WARN_UNDECLARED_SELECTOR = YES;
				GCC_WARN_UNINITIALIZED_AUTOS = YES_AGGRESSIVE;
				GCC_WARN_UNUSED_FUNCTION = YES;
				GCC_WARN_UNUSED_VARIABLE = YES;
				IPHONEOS_DEPLOYMENT_TARGET = 8.0;
				MTL_ENABLE_DEBUG_INFO = YES;
				ONLY_ACTIVE_ARCH = YES;
				SDKROOT = iphoneos;
				SWIFT_OPTIMIZATION_LEVEL = "-Onone";
				TARGETED_DEVICE_FAMILY = 1;
			};
			name = Debug;
		};
		B38940341A12DC4C0022E281 /* Release */ = {
			isa = XCBuildConfiguration;
			buildSettings = {
				ALWAYS_SEARCH_USER_PATHS = NO;
				CLANG_CXX_LANGUAGE_STANDARD = "gnu++0x";
				CLANG_CXX_LIBRARY = "libc++";
				CLANG_ENABLE_MODULES = YES;
				CLANG_ENABLE_OBJC_ARC = YES;
				CLANG_WARN_BOOL_CONVERSION = YES;
				CLANG_WARN_CONSTANT_CONVERSION = YES;
				CLANG_WARN_DIRECT_OBJC_ISA_USAGE = YES_ERROR;
				CLANG_WARN_EMPTY_BODY = YES;
				CLANG_WARN_ENUM_CONVERSION = YES;
				CLANG_WARN_INFINITE_RECURSION = YES;
				CLANG_WARN_INT_CONVERSION = YES;
				CLANG_WARN_OBJC_ROOT_CLASS = YES_ERROR;
				CLANG_WARN_SUSPICIOUS_MOVE = YES;
				CLANG_WARN_UNREACHABLE_CODE = YES;
				CLANG_WARN__DUPLICATE_METHOD_MATCH = YES;
				"CODE_SIGN_IDENTITY[sdk=iphoneos*]" = "iPhone Developer";
				COPY_PHASE_STRIP = YES;
				ENABLE_NS_ASSERTIONS = NO;
				ENABLE_STRICT_OBJC_MSGSEND = YES;
				GCC_C_LANGUAGE_STANDARD = gnu99;
				GCC_NO_COMMON_BLOCKS = YES;
				GCC_WARN_64_TO_32_BIT_CONVERSION = YES;
				GCC_WARN_ABOUT_RETURN_TYPE = YES_ERROR;
				GCC_WARN_UNDECLARED_SELECTOR = YES;
				GCC_WARN_UNINITIALIZED_AUTOS = YES_AGGRESSIVE;
				GCC_WARN_UNUSED_FUNCTION = YES;
				GCC_WARN_UNUSED_VARIABLE = YES;
				IPHONEOS_DEPLOYMENT_TARGET = 8.0;
				MTL_ENABLE_DEBUG_INFO = NO;
				SDKROOT = iphoneos;
				SWIFT_OPTIMIZATION_LEVEL = "-Owholemodule";
				TARGETED_DEVICE_FAMILY = 1;
				VALIDATE_PRODUCT = YES;
			};
			name = Release;
		};
		B38940361A12DC4C0022E281 /* Debug */ = {
			isa = XCBuildConfiguration;
			buildSettings = {
				ASSETCATALOG_COMPILER_APPICON_NAME = AppIcon;
				CODE_SIGN_IDENTITY = "iPhone Developer";
				"CODE_SIGN_IDENTITY[sdk=iphoneos*]" = "iPhone Developer";
				INFOPLIST_FILE = "$(SRCROOT)/Pelorus/Info.plist";
				IPHONEOS_DEPLOYMENT_TARGET = 8.0;
				LD_RUNPATH_SEARCH_PATHS = "$(inherited) @executable_path/Frameworks";
				PRODUCT_BUNDLE_IDENTIFIER = "com.charczuk.$(PRODUCT_NAME:rfc1034identifier)";
				PRODUCT_NAME = Pelorus;
				PROVISIONING_PROFILE = "";
				SWIFT_VERSION = 3.0;
				TARGETED_DEVICE_FAMILY = 1;
			};
			name = Debug;
		};
		B38940371A12DC4C0022E281 /* Release */ = {
			isa = XCBuildConfiguration;
			buildSettings = {
				ASSETCATALOG_COMPILER_APPICON_NAME = AppIcon;
				CODE_SIGN_IDENTITY = "iPhone Developer";
				"CODE_SIGN_IDENTITY[sdk=iphoneos*]" = "iPhone Developer";
				INFOPLIST_FILE = "$(SRCROOT)/Pelorus/Info.plist";
				IPHONEOS_DEPLOYMENT_TARGET = 8.0;
				LD_RUNPATH_SEARCH_PATHS = "$(inherited) @executable_path/Frameworks";
				PRODUCT_BUNDLE_IDENTIFIER = "com.charczuk.$(PRODUCT_NAME:rfc1034identifier)";
				PRODUCT_NAME = Pelorus;
				PROVISIONING_PROFILE = "";
				SWIFT_VERSION = 3.0;
				TARGETED_DEVICE_FAMILY = 1;
			};
			name = Release;
		};
/* End XCBuildConfiguration section */

/* Begin XCConfigurationList section */
		B36689E71DB72D8600BD2BA2 /* Build configuration list for PBXNativeTarget "PelorusTests" */ = {
			isa = XCConfigurationList;
			buildConfigurations = (
				B36689E51DB72D8600BD2BA2 /* Debug */,
				B36689E61DB72D8600BD2BA2 /* Release */,
			);
			defaultConfigurationIsVisible = 0;
		};
		B38940111A12DC4B0022E281 /* Build configuration list for PBXProject "Pelorus" */ = {
			isa = XCConfigurationList;
			buildConfigurations = (
				B38940331A12DC4C0022E281 /* Debug */,
				B38940341A12DC4C0022E281 /* Release */,
			);
			defaultConfigurationIsVisible = 0;
			defaultConfigurationName = Release;
		};
		B38940351A12DC4C0022E281 /* Build configuration list for PBXNativeTarget "Pelorus" */ = {
			isa = XCConfigurationList;
			buildConfigurations = (
				B38940361A12DC4C0022E281 /* Debug */,
				B38940371A12DC4C0022E281 /* Release */,
			);
			defaultConfigurationIsVisible = 0;
			defaultConfigurationName = Release;
		};
/* End XCConfigurationList section */

/* Begin XCVersionGroup section */
		B3D7F7F51A448AAE006F903F /* Pelorus.xcdatamodeld */ = {
			isa = XCVersionGroup;
			children = (
				B3D7F7F61A448AAE006F903F /* Pelorus.xcdatamodel */,
			);
			currentVersion = B3D7F7F61A448AAE006F903F /* Pelorus.xcdatamodel */;
			path = Pelorus.xcdatamodeld;
			sourceTree = "<group>";
			versionGroupType = wrapper.xcdatamodel;
		};
/* End XCVersionGroup section */
	};
	rootObject = B389400E1A12DC4B0022E281 /* Project object */;
}
